
Microsoft Visual Studio Solution File, Format Version 12.00
# Visual Studio Version 17
VisualStudioVersion = 17.0.32112.339
MinimumVisualStudioVersion = 10.0.40219.1
Project("{FAE04EC0-301F-11D3-BF4B-00C04F79EFBC}") = "ANTT.EFISCAL_WEB.Presentation", "EFISCAL_WEB\ANTT.EFISCAL_WEB.Presentation.csproj", "{366A525F-8E1D-41BD-9ADC-1F1ACD9B6DFF}"
EndProject
Project("{2150E333-8FDC-42A3-9474-1A3956D46DE8}") = "CrossCutting", "CrossCutting", "{25222A1A-0DDF-470A-8EE9-4DA062EA8F66}"
EndProject
Project("{FAE04EC0-301F-11D3-BF4B-00C04F79EFBC}") = "ANTT.EFISCAL.CrossCutting", "ANTT.EFISCAL.CrossCutting\ANTT.EFISCAL.CrossCutting.csproj", "{A0F6998F-8F26-48E3-A105-F897CD2E4213}"
EndProject
Project("{2150E333-8FDC-42A3-9474-1A3956D46DE8}") = "Repositories", "Repositories", "{70218F05-59D4-4635-A4AF-8FEBDD13628A}"
EndProject
Project("{FAE04EC0-301F-11D3-BF4B-00C04F79EFBC}") = "ANTT.EFISCAL.Repositories.Impl.EF", "ANTT.EFISCAL.Repositories.Impl.EF\ANTT.EFISCAL.Repositories.Impl.EF.csproj", "{A5114E4A-DD96-4BE3-AF1C-5021BD052C3D}"
EndProject
Project("{FAE04EC0-301F-11D3-BF4B-00C04F79EFBC}") = "ANTT.EFISCAL.Repositories.Spec", "ANTT.EFISCAL.Repositories.Spec\ANTT.EFISCAL.Repositories.Spec.csproj", "{8BF4D7AD-2D54-412A-8619-C2542B170725}"
EndProject
Project("{2150E333-8FDC-42A3-9474-1A3956D46DE8}") = "Presentation", "Presentation", "{300F3567-CE8C-4B56-BE71-B379E95706BE}"
EndProject
Project("{2150E333-8FDC-42A3-9474-1A3956D46DE8}") = "Web", "Web", "{156872FF-4402-4F5D-A9A5-4EF1EBE5EEEA}"
EndProject
Project("{2150E333-8FDC-42A3-9474-1A3956D46DE8}") = "Domain", "Domain", "{B6705DAC-942A-4899-B9EB-B0B9EB82A8B3}"
EndProject
Project("{2150E333-8FDC-42A3-9474-1A3956D46DE8}") = "Integration", "Integration", "{E4DB07F2-CE1B-481F-922A-CACC0F5112CE}"
EndProject
Project("{2150E333-8FDC-42A3-9474-1A3956D46DE8}") = "Database", "Database", "{5A367B29-73EC-48BB-BD0C-011C33A5C993}"
EndProject
Project("{00D1A9C2-B5F0-4AF3-8072-F6C62B433612}") = "ANTT.EFISCAL.Database", "ANTT.EFISCAL.Database\ANTT.EFISCAL.Database.sqlproj", "{50B9512D-1ABF-44E1-9A25-15DD80677E9F}"
EndProject
Project("{FAE04EC0-301F-11D3-BF4B-00C04F79EFBC}") = "ANTT.EFISCAL.Domain.Impl", "ANTT.EFISCAL.Domain.Impl\ANTT.EFISCAL.Domain.Impl.csproj", "{5C965A1A-AEAF-400D-A13C-B512863A1EC9}"
EndProject
Project("{FAE04EC0-301F-11D3-BF4B-00C04F79EFBC}") = "ANTT.EFISCAL.Domain.Spec", "ANTT.EFISCAL.Domain.Spec\ANTT.EFISCAL.Domain.Spec.csproj", "{67658258-8A3A-4352-87E7-9A6F13CFA6EC}"
EndProject
Project("{FAE04EC0-301F-11D3-BF4B-00C04F79EFBC}") = "ANTT.EFISCAL.Integration.Impl", "ANTT.EFISCAL.Integration.Impl\ANTT.EFISCAL.Integration.Impl.csproj", "{40110B0E-0F78-4449-A17B-B3C1E4A8CF9E}"
EndProject
Project("{FAE04EC0-301F-11D3-BF4B-00C04F79EFBC}") = "ANTT.EFISCAL.Integration.Spec", "ANTT.EFISCAL.Integration.Spec\ANTT.EFISCAL.Integration.Spec.csproj", "{61308150-C6B8-4CD7-AEB3-B8D89B539ED0}"
EndProject
Project("{2150E333-8FDC-42A3-9474-1A3956D46DE8}") = "Services", "Services", "{021CFD00-5967-4B9F-8D95-019C5EBE7F5C}"
EndProject
Project("{FAE04EC0-301F-11D3-BF4B-00C04F79EFBC}") = "ANTT.EFISCAL.Services.Impl", "ANTT.EFISCAL.Services.Impl\ANTT.EFISCAL.Services.Impl.csproj", "{BFF3FDF7-E086-4AA0-A863-9A2EA695C5A8}"
EndProject
Project("{FAE04EC0-301F-11D3-BF4B-00C04F79EFBC}") = "ANTT.EFISCAL.Services.Spec", "ANTT.EFISCAL.Services.Spec\ANTT.EFISCAL.Services.Spec.csproj", "{8184CFC9-DBC3-42C3-A182-14BB20430919}"
EndProject
Project("{FAE04EC0-301F-11D3-BF4B-00C04F79EFBC}") = "ANTT.EFISCAL.Services.WebApi", "ANTT.EFISCAL.Services.WebApi\ANTT.EFISCAL.Services.WebApi.csproj", "{055F7B09-A526-4B7C-AE30-FB413CC5AD84}"
EndProject
Global
	GlobalSection(SolutionConfigurationPlatforms) = preSolution
		Debug|Any CPU = Debug|Any CPU
		Release|Any CPU = Release|Any CPU
	EndGlobalSection
	GlobalSection(ProjectConfigurationPlatforms) = postSolution
		{366A525F-8E1D-41BD-9ADC-1F1ACD9B6DFF}.Debug|Any CPU.ActiveCfg = Debug|Any CPU
		{366A525F-8E1D-41BD-9ADC-1F1ACD9B6DFF}.Debug|Any CPU.Build.0 = Debug|Any CPU
		{366A525F-8E1D-41BD-9ADC-1F1ACD9B6DFF}.Release|Any CPU.ActiveCfg = Release|Any CPU
		{366A525F-8E1D-41BD-9ADC-1F1ACD9B6DFF}.Release|Any CPU.Build.0 = Release|Any CPU
		{A0F6998F-8F26-48E3-A105-F897CD2E4213}.Debug|Any CPU.ActiveCfg = Debug|Any CPU
		{A0F6998F-8F26-48E3-A105-F897CD2E4213}.Debug|Any CPU.Build.0 = Debug|Any CPU
		{A0F6998F-8F26-48E3-A105-F897CD2E4213}.Release|Any CPU.ActiveCfg = Release|Any CPU
		{A0F6998F-8F26-48E3-A105-F897CD2E4213}.Release|Any CPU.Build.0 = Release|Any CPU
		{A5114E4A-DD96-4BE3-AF1C-5021BD052C3D}.Debug|Any CPU.ActiveCfg = Debug|Any CPU
		{A5114E4A-DD96-4BE3-AF1C-5021BD052C3D}.Debug|Any CPU.Build.0 = Debug|Any CPU
		{A5114E4A-DD96-4BE3-AF1C-5021BD052C3D}.Release|Any CPU.ActiveCfg = Release|Any CPU
		{A5114E4A-DD96-4BE3-AF1C-5021BD052C3D}.Release|Any CPU.Build.0 = Release|Any CPU
		{8BF4D7AD-2D54-412A-8619-C2542B170725}.Debug|Any CPU.ActiveCfg = Debug|Any CPU
		{8BF4D7AD-2D54-412A-8619-C2542B170725}.Debug|Any CPU.Build.0 = Debug|Any CPU
		{8BF4D7AD-2D54-412A-8619-C2542B170725}.Release|Any CPU.ActiveCfg = Release|Any CPU
		{8BF4D7AD-2D54-412A-8619-C2542B170725}.Release|Any CPU.Build.0 = Release|Any CPU
		{50B9512D-1ABF-44E1-9A25-15DD80677E9F}.Debug|Any CPU.ActiveCfg = Debug|Any CPU
		{50B9512D-1ABF-44E1-9A25-15DD80677E9F}.Debug|Any CPU.Build.0 = Debug|Any CPU
		{50B9512D-1ABF-44E1-9A25-15DD80677E9F}.Debug|Any CPU.Deploy.0 = Debug|Any CPU
		{50B9512D-1ABF-44E1-9A25-15DD80677E9F}.Release|Any CPU.ActiveCfg = Release|Any CPU
		{50B9512D-1ABF-44E1-9A25-15DD80677E9F}.Release|Any CPU.Build.0 = Release|Any CPU
		{50B9512D-1ABF-44E1-9A25-15DD80677E9F}.Release|Any CPU.Deploy.0 = Release|Any CPU
		{5C965A1A-AEAF-400D-A13C-B512863A1EC9}.Debug|Any CPU.ActiveCfg = Debug|Any CPU
		{5C965A1A-AEAF-400D-A13C-B512863A1EC9}.Debug|Any CPU.Build.0 = Debug|Any CPU
		{5C965A1A-AEAF-400D-A13C-B512863A1EC9}.Release|Any CPU.ActiveCfg = Release|Any CPU
		{5C965A1A-AEAF-400D-A13C-B512863A1EC9}.Release|Any CPU.Build.0 = Release|Any CPU
		{67658258-8A3A-4352-87E7-9A6F13CFA6EC}.Debug|Any CPU.ActiveCfg = Debug|Any CPU
		{67658258-8A3A-4352-87E7-9A6F13CFA6EC}.Debug|Any CPU.Build.0 = Debug|Any CPU
		{67658258-8A3A-4352-87E7-9A6F13CFA6EC}.Release|Any CPU.ActiveCfg = Release|Any CPU
		{67658258-8A3A-4352-87E7-9A6F13CFA6EC}.Release|Any CPU.Build.0 = Release|Any CPU
		{40110B0E-0F78-4449-A17B-B3C1E4A8CF9E}.Debug|Any CPU.ActiveCfg = Debug|Any CPU
		{40110B0E-0F78-4449-A17B-B3C1E4A8CF9E}.Debug|Any CPU.Build.0 = Debug|Any CPU
		{40110B0E-0F78-4449-A17B-B3C1E4A8CF9E}.Release|Any CPU.ActiveCfg = Release|Any CPU
		{40110B0E-0F78-4449-A17B-B3C1E4A8CF9E}.Release|Any CPU.Build.0 = Release|Any CPU
		{61308150-C6B8-4CD7-AEB3-B8D89B539ED0}.Debug|Any CPU.ActiveCfg = Debug|Any CPU
		{61308150-C6B8-4CD7-AEB3-B8D89B539ED0}.Debug|Any CPU.Build.0 = Debug|Any CPU
		{61308150-C6B8-4CD7-AEB3-B8D89B539ED0}.Release|Any CPU.ActiveCfg = Release|Any CPU
		{61308150-C6B8-4CD7-AEB3-B8D89B539ED0}.Release|Any CPU.Build.0 = Release|Any CPU
		{BFF3FDF7-E086-4AA0-A863-9A2EA695C5A8}.Debug|Any CPU.ActiveCfg = Debug|Any CPU
		{BFF3FDF7-E086-4AA0-A863-9A2EA695C5A8}.Debug|Any CPU.Build.0 = Debug|Any CPU
		{BFF3FDF7-E086-4AA0-A863-9A2EA695C5A8}.Release|Any CPU.ActiveCfg = Release|Any CPU
		{BFF3FDF7-E086-4AA0-A863-9A2EA695C5A8}.Release|Any CPU.Build.0 = Release|Any CPU
		{8184CFC9-DBC3-42C3-A182-14BB20430919}.Debug|Any CPU.ActiveCfg = Debug|Any CPU
		{8184CFC9-DBC3-42C3-A182-14BB20430919}.Debug|Any CPU.Build.0 = Debug|Any CPU
		{8184CFC9-DBC3-42C3-A182-14BB20430919}.Release|Any CPU.ActiveCfg = Release|Any CPU
		{8184CFC9-DBC3-42C3-A182-14BB20430919}.Release|Any CPU.Build.0 = Release|Any CPU
		{055F7B09-A526-4B7C-AE30-FB413CC5AD84}.Debug|Any CPU.ActiveCfg = Debug|Any CPU
		{055F7B09-A526-4B7C-AE30-FB413CC5AD84}.Debug|Any CPU.Build.0 = Debug|Any CPU
		{055F7B09-A526-4B7C-AE30-FB413CC5AD84}.Release|Any CPU.ActiveCfg = Release|Any CPU
		{055F7B09-A526-4B7C-AE30-FB413CC5AD84}.Release|Any CPU.Build.0 = Release|Any CPU
	EndGlobalSection
	GlobalSection(SolutionProperties) = preSolution
		HideSolutionNode = FALSE
	EndGlobalSection
	GlobalSection(NestedProjects) = preSolution
		{366A525F-8E1D-41BD-9ADC-1F1ACD9B6DFF} = {156872FF-4402-4F5D-A9A5-4EF1EBE5EEEA}
		{A0F6998F-8F26-48E3-A105-F897CD2E4213} = {25222A1A-0DDF-470A-8EE9-4DA062EA8F66}
		{A5114E4A-DD96-4BE3-AF1C-5021BD052C3D} = {70218F05-59D4-4635-A4AF-8FEBDD13628A}
		{8BF4D7AD-2D54-412A-8619-C2542B170725} = {70218F05-59D4-4635-A4AF-8FEBDD13628A}
		{156872FF-4402-4F5D-A9A5-4EF1EBE5EEEA} = {300F3567-CE8C-4B56-BE71-B379E95706BE}
		{50B9512D-1ABF-44E1-9A25-15DD80677E9F} = {5A367B29-73EC-48BB-BD0C-011C33A5C993}
		{5C965A1A-AEAF-400D-A13C-B512863A1EC9} = {B6705DAC-942A-4899-B9EB-B0B9EB82A8B3}
		{67658258-8A3A-4352-87E7-9A6F13CFA6EC} = {B6705DAC-942A-4899-B9EB-B0B9EB82A8B3}
		{40110B0E-0F78-4449-A17B-B3C1E4A8CF9E} = {E4DB07F2-CE1B-481F-922A-CACC0F5112CE}
		{61308150-C6B8-4CD7-AEB3-B8D89B539ED0} = {E4DB07F2-CE1B-481F-922A-CACC0F5112CE}
		{BFF3FDF7-E086-4AA0-A863-9A2EA695C5A8} = {021CFD00-5967-4B9F-8D95-019C5EBE7F5C}
		{8184CFC9-DBC3-42C3-A182-14BB20430919} = {021CFD00-5967-4B9F-8D95-019C5EBE7F5C}
		{055F7B09-A526-4B7C-AE30-FB413CC5AD84} = {021CFD00-5967-4B9F-8D95-019C5EBE7F5C}
	EndGlobalSection
	GlobalSection(ExtensibilityGlobals) = postSolution
		SolutionGuid = {9FF09633-BE1C-4B63-BFBB-3BF847F62F92}
	EndGlobalSection
EndGlobal
